
Microsoft Visual Studio Solution File, Format Version 12.00
# Visual Studio Version 17
VisualStudioVersion = 17.2.32616.157
MinimumVisualStudioVersion = 10.0.40219.1
Project("{FAE04EC0-301F-11D3-BF4B-00C04F79EFBC}") = "CQRS-Mediatr-Minimal-Api-Demo", "CQRS-Mediatr-Minimal-Api-Demo\CQRS-Mediatr-Minimal-Api-Demo.csproj", "{21B492A0-008F-4982-B509-8B0D7150169C}"
EndProject
Global
	GlobalSection(SolutionConfigurationPlatforms) = preSolution
		Debug|Any CPU = Debug|Any CPU
		Release|Any CPU = Release|Any CPU
	EndGlobalSection
	GlobalSection(ProjectConfigurationPlatforms) = postSolution
		{21B492A0-008F-4982-B509-8B0D7150169C}.Debug|Any CPU.ActiveCfg = Debug|Any CPU
		{21B492A0-008F-4982-B509-8B0D7150169C}.Debug|Any CPU.Build.0 = Debug|Any CPU
		{21B492A0-008F-4982-B509-8B0D7150169C}.Release|Any CPU.ActiveCfg = Release|Any CPU
		{21B492A0-008F-4982-B509-8B0D7150169C}.Release|Any CPU.Build.0 = Release|Any CPU
	EndGlobalSection
	GlobalSection(SolutionProperties) = preSolution
		HideSolutionNode = FALSE
	EndGlobalSection
	GlobalSection(ExtensibilityGlobals) = postSolution
		SolutionGuid = {60D48AA6-107F-48FC-8707-C567D6723969}
	EndGlobalSection
EndGlobal
